
Microsoft Visual Studio Solution File, Format Version 12.00
# 
Project("{FAE04EC0-301F-11D3-BF4B-00C04F79EFBC}") = "FileStorage", "FileStorage.csproj", "{4B82E64D-C272-49E8-B30A-571FF794651F}"
EndProject
Global
	GlobalSection(SolutionConfigurationPlatforms) = preSolution
		Debug|Any CPU = Debug|Any CPU
		Release|Any CPU = Release|Any CPU
	EndGlobalSection
	GlobalSection(ProjectConfigurationPlatforms) = postSolution
		{4B82E64D-C272-49E8-B30A-571FF794651F}.Debug|Any CPU.ActiveCfg = Debug|Any CPU
		{4B82E64D-C272-49E8-B30A-571FF794651F}.Debug|Any CPU.Build.0 = Debug|Any CPU
		{4B82E64D-C272-49E8-B30A-571FF794651F}.Release|Any CPU.ActiveCfg = Release|Any CPU
		{4B82E64D-C272-49E8-B30A-571FF794651F}.Release|Any CPU.Build.0 = Release|Any CPU
		{4CA607C7-5A9E-4E2E-AEF8-CC053B0AC1C0}.Debug|Any CPU.ActiveCfg = Debug|Any CPU
		{4CA607C7-5A9E-4E2E-AEF8-CC053B0AC1C0}.Debug|Any CPU.Build.0 = Debug|Any CPU
		{4CA607C7-5A9E-4E2E-AEF8-CC053B0AC1C0}.Release|Any CPU.ActiveCfg = Release|Any CPU
		{4CA607C7-5A9E-4E2E-AEF8-CC053B0AC1C0}.Release|Any CPU.Build.0 = Release|Any CPU
	EndGlobalSection
EndGlobal
